// !$*UTF8*$!
{
	archiveVersion = 1;
	classes = {
	};
	objectVersion = 55;
	objects = {

/* Begin PBXBuildFile section */
		00469435287B43F700C12732 /* OutputPreviewView.swift in Sources */ = {isa = PBXBuildFile; fileRef = 00469434287B43F700C12732 /* OutputPreviewView.swift */; };
		00469436287B50DD00C12732 /* OutputPreviewView.swift in Sources */ = {isa = PBXBuildFile; fileRef = 00469434287B43F700C12732 /* OutputPreviewView.swift */; };
		00511478286A232C00B69CBC /* SpotifyAlbumData.swift in Sources */ = {isa = PBXBuildFile; fileRef = 00511477286A232C00B69CBC /* SpotifyAlbumData.swift */; };
		00511479286A232C00B69CBC /* SpotifyAlbumData.swift in Sources */ = {isa = PBXBuildFile; fileRef = 00511477286A232C00B69CBC /* SpotifyAlbumData.swift */; };
		0051147B286A318100B69CBC /* Album.swift in Sources */ = {isa = PBXBuildFile; fileRef = 0051147A286A318100B69CBC /* Album.swift */; };
		0051147C286A318100B69CBC /* Album.swift in Sources */ = {isa = PBXBuildFile; fileRef = 0051147A286A318100B69CBC /* Album.swift */; };
		0051147F286A385700B69CBC /* AppleMusicAlbumData.swift in Sources */ = {isa = PBXBuildFile; fileRef = 0051147E286A385700B69CBC /* AppleMusicAlbumData.swift */; };
		00511480286A385700B69CBC /* AppleMusicAlbumData.swift in Sources */ = {isa = PBXBuildFile; fileRef = 0051147E286A385700B69CBC /* AppleMusicAlbumData.swift */; };
		00857C7B287F3AF40024CCE5 /* PlaylistData.swift in Sources */ = {isa = PBXBuildFile; fileRef = 00857C7A287F3AF40024CCE5 /* PlaylistData.swift */; };
		00857C7C287F3AF40024CCE5 /* PlaylistData.swift in Sources */ = {isa = PBXBuildFile; fileRef = 00857C7A287F3AF40024CCE5 /* PlaylistData.swift */; };
		00857C7E287F424D0024CCE5 /* SpotifyPlaylistData.swift in Sources */ = {isa = PBXBuildFile; fileRef = 00857C7D287F424D0024CCE5 /* SpotifyPlaylistData.swift */; };
		00857C7F287F424D0024CCE5 /* SpotifyPlaylistData.swift in Sources */ = {isa = PBXBuildFile; fileRef = 00857C7D287F424D0024CCE5 /* SpotifyPlaylistData.swift */; };
		00857C81287F47680024CCE5 /* Playlist.swift in Sources */ = {isa = PBXBuildFile; fileRef = 00857C80287F47680024CCE5 /* Playlist.swift */; };
		00857C82287F47680024CCE5 /* Playlist.swift in Sources */ = {isa = PBXBuildFile; fileRef = 00857C80287F47680024CCE5 /* Playlist.swift */; };
		00918A402854E99900C0B74E /* PolyphonicApp.swift in Sources */ = {isa = PBXBuildFile; fileRef = 00918A3F2854E99900C0B74E /* PolyphonicApp.swift */; };
		00918A422854E99900C0B74E /* BasicView.swift in Sources */ = {isa = PBXBuildFile; fileRef = 00918A412854E99900C0B74E /* BasicView.swift */; };
		00918A442854E99B00C0B74E /* Assets.xcassets in Resources */ = {isa = PBXBuildFile; fileRef = 00918A432854E99B00C0B74E /* Assets.xcassets */; };
		00918A472854E99B00C0B74E /* Preview Assets.xcassets in Resources */ = {isa = PBXBuildFile; fileRef = 00918A462854E99B00C0B74E /* Preview Assets.xcassets */; };
		00918A4F2854F03B00C0B74E /* Song.swift in Sources */ = {isa = PBXBuildFile; fileRef = 00918A4E2854F03B00C0B74E /* Song.swift */; };
		00918A532854F5A300C0B74E /* MusicData.swift in Sources */ = {isa = PBXBuildFile; fileRef = 00918A522854F5A300C0B74E /* MusicData.swift */; };
		00918A5728559D4300C0B74E /* Base64Encode.swift in Sources */ = {isa = PBXBuildFile; fileRef = 00918A5628559D4300C0B74E /* Base64Encode.swift */; };
		00918A5B2855AB4B00C0B74E /* Keys.swift in Sources */ = {isa = PBXBuildFile; fileRef = 00918A5A2855AB4B00C0B74E /* Keys.swift */; };
		00AD80E428624E2F000CFA92 /* General.swift in Sources */ = {isa = PBXBuildFile; fileRef = 00AD80E328624E2F000CFA92 /* General.swift */; };
		00BF9885289B3D4800C6BF85 /* GoogleService-Info.plist in Resources */ = {isa = PBXBuildFile; fileRef = 00BF9884289B3D4800C6BF85 /* GoogleService-Info.plist */; };
		00C35F5D28663CB40064C8C9 /* ShareViewController.swift in Sources */ = {isa = PBXBuildFile; fileRef = 00C35F5C28663CB40064C8C9 /* ShareViewController.swift */; };
		00C35F6028663CB40064C8C9 /* MainInterface.storyboard in Resources */ = {isa = PBXBuildFile; fileRef = 00C35F5E28663CB40064C8C9 /* MainInterface.storyboard */; };
		00C35F6428663CB40064C8C9 /* MusicShare.appex in Embed App Extensions */ = {isa = PBXBuildFile; fileRef = 00C35F5A28663CB40064C8C9 /* MusicShare.appex */; settings = {ATTRIBUTES = (RemoveHeadersOnCopy, ); }; };
		00C35F6928663D360064C8C9 /* Song.swift in Sources */ = {isa = PBXBuildFile; fileRef = 00918A4E2854F03B00C0B74E /* Song.swift */; };
		00C35F6A28663D390064C8C9 /* MusicData.swift in Sources */ = {isa = PBXBuildFile; fileRef = 00918A522854F5A300C0B74E /* MusicData.swift */; };
		00C35F6B28663D3E0064C8C9 /* Keys.swift in Sources */ = {isa = PBXBuildFile; fileRef = 00918A5A2855AB4B00C0B74E /* Keys.swift */; };
		00C35F6C28663D410064C8C9 /* SpotifySongData.swift in Sources */ = {isa = PBXBuildFile; fileRef = 00CD71EC28564D2100159B04 /* SpotifySongData.swift */; };
		00C35F6D28663D440064C8C9 /* AppleMusicSongData.swift in Sources */ = {isa = PBXBuildFile; fileRef = 00CD71EE2856718200159B04 /* AppleMusicSongData.swift */; };
		00C35F6E28663D470064C8C9 /* General.swift in Sources */ = {isa = PBXBuildFile; fileRef = 00AD80E328624E2F000CFA92 /* General.swift */; };
		00C35F6F28663D4A0064C8C9 /* Base64Encode.swift in Sources */ = {isa = PBXBuildFile; fileRef = 00918A5628559D4300C0B74E /* Base64Encode.swift */; };
		00C35F7028666A110064C8C9 /* ShareView.swift in Sources */ = {isa = PBXBuildFile; fileRef = 005D1E8F286374C800D9756C /* ShareView.swift */; };
		00C35F7128666A280064C8C9 /* ShareView.swift in Sources */ = {isa = PBXBuildFile; fileRef = 005D1E8F286374C800D9756C /* ShareView.swift */; };
		00CD71ED28564D2100159B04 /* SpotifySongData.swift in Sources */ = {isa = PBXBuildFile; fileRef = 00CD71EC28564D2100159B04 /* SpotifySongData.swift */; };
		00CD71EF2856718200159B04 /* AppleMusicSongData.swift in Sources */ = {isa = PBXBuildFile; fileRef = 00CD71EE2856718200159B04 /* AppleMusicSongData.swift */; };
		00D97F42287BB1610001DE19 /* MainView.swift in Sources */ = {isa = PBXBuildFile; fileRef = 00D97F41287BB1610001DE19 /* MainView.swift */; };
		00D97F44287BB1900001DE19 /* PlaylistView.swift in Sources */ = {isa = PBXBuildFile; fileRef = 00D97F43287BB1900001DE19 /* PlaylistView.swift */; };
		00FA18FD287C75C5004F4C9C /* EditResultsView.swift in Sources */ = {isa = PBXBuildFile; fileRef = 00FA18FC287C75C5004F4C9C /* EditResultsView.swift */; };
		00FA18FE287C75C5004F4C9C /* EditResultsView.swift in Sources */ = {isa = PBXBuildFile; fileRef = 00FA18FC287C75C5004F4C9C /* EditResultsView.swift */; };
		8C1347D62CB8A90590FB997E /* Pods_MusicShare.framework in Frameworks */ = {isa = PBXBuildFile; fileRef = FC0688C8EC05E97A1CD8DA32 /* Pods_MusicShare.framework */; };
		91CA0FDB996830FC3D9E193C /* Pods_Polyphonic.framework in Frameworks */ = {isa = PBXBuildFile; fileRef = DC23D63D9AEF33571C58DBDC /* Pods_Polyphonic.framework */; };
/* End PBXBuildFile section */

/* Begin PBXContainerItemProxy section */
		00C35F6228663CB40064C8C9 /* PBXContainerItemProxy */ = {
			isa = PBXContainerItemProxy;
			containerPortal = 00918A342854E99900C0B74E /* Project object */;
			proxyType = 1;
			remoteGlobalIDString = 00C35F5928663CB40064C8C9;
			remoteInfo = MusicShare;
		};
/* End PBXContainerItemProxy section */

/* Begin PBXCopyFilesBuildPhase section */
		005D1E842863746900D9756C /* Embed App Extensions */ = {
			isa = PBXCopyFilesBuildPhase;
			buildActionMask = 2147483647;
			dstPath = "";
			dstSubfolderSpec = 13;
			files = (
				00C35F6428663CB40064C8C9 /* MusicShare.appex in Embed App Extensions */,
			);
			name = "Embed App Extensions";
			runOnlyForDeploymentPostprocessing = 0;
		};
/* End PBXCopyFilesBuildPhase section */

/* Begin PBXFileReference section */
		00469434287B43F700C12732 /* OutputPreviewView.swift */ = {isa = PBXFileReference; lastKnownFileType = sourcecode.swift; path = OutputPreviewView.swift; sourceTree = "<group>"; };
		00511477286A232C00B69CBC /* SpotifyAlbumData.swift */ = {isa = PBXFileReference; lastKnownFileType = sourcecode.swift; path = SpotifyAlbumData.swift; sourceTree = "<group>"; };
		0051147A286A318100B69CBC /* Album.swift */ = {isa = PBXFileReference; lastKnownFileType = sourcecode.swift; path = Album.swift; sourceTree = "<group>"; };
		0051147E286A385700B69CBC /* AppleMusicAlbumData.swift */ = {isa = PBXFileReference; lastKnownFileType = sourcecode.swift; path = AppleMusicAlbumData.swift; sourceTree = "<group>"; };
		005D1E8F286374C800D9756C /* ShareView.swift */ = {isa = PBXFileReference; lastKnownFileType = sourcecode.swift; path = ShareView.swift; sourceTree = "<group>"; };
		00857C7A287F3AF40024CCE5 /* PlaylistData.swift */ = {isa = PBXFileReference; lastKnownFileType = sourcecode.swift; path = PlaylistData.swift; sourceTree = "<group>"; };
		00857C7D287F424D0024CCE5 /* SpotifyPlaylistData.swift */ = {isa = PBXFileReference; lastKnownFileType = sourcecode.swift; path = SpotifyPlaylistData.swift; sourceTree = "<group>"; };
		00857C80287F47680024CCE5 /* Playlist.swift */ = {isa = PBXFileReference; lastKnownFileType = sourcecode.swift; path = Playlist.swift; sourceTree = "<group>"; };
		00918A3C2854E99900C0B74E /* Polyphonic.app */ = {isa = PBXFileReference; explicitFileType = wrapper.application; includeInIndex = 0; path = Polyphonic.app; sourceTree = BUILT_PRODUCTS_DIR; };
		00918A3F2854E99900C0B74E /* PolyphonicApp.swift */ = {isa = PBXFileReference; lastKnownFileType = sourcecode.swift; name = PolyphonicApp.swift; path = Polyphonic/PolyphonicApp.swift; sourceTree = "<group>"; };
		00918A412854E99900C0B74E /* BasicView.swift */ = {isa = PBXFileReference; lastKnownFileType = sourcecode.swift; path = BasicView.swift; sourceTree = "<group>"; };
		00918A432854E99B00C0B74E /* Assets.xcassets */ = {isa = PBXFileReference; lastKnownFileType = folder.assetcatalog; name = Assets.xcassets; path = Polyphonic/Assets.xcassets; sourceTree = "<group>"; };
		00918A462854E99B00C0B74E /* Preview Assets.xcassets */ = {isa = PBXFileReference; lastKnownFileType = folder.assetcatalog; name = "Preview Assets.xcassets"; path = "Polyphonic/Preview Content/Preview Assets.xcassets"; sourceTree = "<group>"; };
		00918A4E2854F03B00C0B74E /* Song.swift */ = {isa = PBXFileReference; lastKnownFileType = sourcecode.swift; path = Song.swift; sourceTree = "<group>"; };
		00918A522854F5A300C0B74E /* MusicData.swift */ = {isa = PBXFileReference; lastKnownFileType = sourcecode.swift; path = MusicData.swift; sourceTree = "<group>"; };
		00918A5628559D4300C0B74E /* Base64Encode.swift */ = {isa = PBXFileReference; lastKnownFileType = sourcecode.swift; path = Base64Encode.swift; sourceTree = "<group>"; };
		00918A5A2855AB4B00C0B74E /* Keys.swift */ = {isa = PBXFileReference; lastKnownFileType = sourcecode.swift; path = Keys.swift; sourceTree = "<group>"; };
		00AD80E328624E2F000CFA92 /* General.swift */ = {isa = PBXFileReference; lastKnownFileType = sourcecode.swift; path = General.swift; sourceTree = "<group>"; };
		00BF9884289B3D4800C6BF85 /* GoogleService-Info.plist */ = {isa = PBXFileReference; fileEncoding = 4; lastKnownFileType = text.plist.xml; path = "GoogleService-Info.plist"; sourceTree = "<group>"; };
		00C35F5A28663CB40064C8C9 /* MusicShare.appex */ = {isa = PBXFileReference; explicitFileType = "wrapper.app-extension"; includeInIndex = 0; path = MusicShare.appex; sourceTree = BUILT_PRODUCTS_DIR; };
		00C35F5C28663CB40064C8C9 /* ShareViewController.swift */ = {isa = PBXFileReference; lastKnownFileType = sourcecode.swift; path = ShareViewController.swift; sourceTree = "<group>"; };
		00C35F5F28663CB40064C8C9 /* Base */ = {isa = PBXFileReference; lastKnownFileType = file.storyboard; name = Base; path = Base.lproj/MainInterface.storyboard; sourceTree = "<group>"; };
		00C35F6128663CB40064C8C9 /* Info.plist */ = {isa = PBXFileReference; lastKnownFileType = text.plist.xml; path = Info.plist; sourceTree = "<group>"; };
		00CD71EC28564D2100159B04 /* SpotifySongData.swift */ = {isa = PBXFileReference; lastKnownFileType = sourcecode.swift; path = SpotifySongData.swift; sourceTree = "<group>"; };
		00CD71EE2856718200159B04 /* AppleMusicSongData.swift */ = {isa = PBXFileReference; lastKnownFileType = sourcecode.swift; path = AppleMusicSongData.swift; sourceTree = "<group>"; };
		00D97F41287BB1610001DE19 /* MainView.swift */ = {isa = PBXFileReference; lastKnownFileType = sourcecode.swift; path = MainView.swift; sourceTree = "<group>"; };
		00D97F43287BB1900001DE19 /* PlaylistView.swift */ = {isa = PBXFileReference; lastKnownFileType = sourcecode.swift; path = PlaylistView.swift; sourceTree = "<group>"; };
		00EFE7C12880792D00AF23F0 /* Info.plist */ = {isa = PBXFileReference; lastKnownFileType = text.plist.xml; name = Info.plist; path = Polyphonic/Info.plist; sourceTree = "<group>"; };
		00FA18FC287C75C5004F4C9C /* EditResultsView.swift */ = {isa = PBXFileReference; lastKnownFileType = sourcecode.swift; path = EditResultsView.swift; sourceTree = "<group>"; };
		7EABA53519C8D3A3B8FBB830 /* Pods-Polyphonic.release.xcconfig */ = {isa = PBXFileReference; includeInIndex = 1; lastKnownFileType = text.xcconfig; name = "Pods-Polyphonic.release.xcconfig"; path = "Target Support Files/Pods-Polyphonic/Pods-Polyphonic.release.xcconfig"; sourceTree = "<group>"; };
		8332040273B8AF4DDEE157D5 /* Pods-Polyphonic.debug.xcconfig */ = {isa = PBXFileReference; includeInIndex = 1; lastKnownFileType = text.xcconfig; name = "Pods-Polyphonic.debug.xcconfig"; path = "Target Support Files/Pods-Polyphonic/Pods-Polyphonic.debug.xcconfig"; sourceTree = "<group>"; };
		A2E2799F1062C7EB22295551 /* Pods-MusicShare.release.xcconfig */ = {isa = PBXFileReference; includeInIndex = 1; lastKnownFileType = text.xcconfig; name = "Pods-MusicShare.release.xcconfig"; path = "Target Support Files/Pods-MusicShare/Pods-MusicShare.release.xcconfig"; sourceTree = "<group>"; };
		DC23D63D9AEF33571C58DBDC /* Pods_Polyphonic.framework */ = {isa = PBXFileReference; explicitFileType = wrapper.framework; includeInIndex = 0; path = Pods_Polyphonic.framework; sourceTree = BUILT_PRODUCTS_DIR; };
		E57534C3DB4A29ACCA0D6FEB /* Pods-MusicShare.debug.xcconfig */ = {isa = PBXFileReference; includeInIndex = 1; lastKnownFileType = text.xcconfig; name = "Pods-MusicShare.debug.xcconfig"; path = "Target Support Files/Pods-MusicShare/Pods-MusicShare.debug.xcconfig"; sourceTree = "<group>"; };
		FC0688C8EC05E97A1CD8DA32 /* Pods_MusicShare.framework */ = {isa = PBXFileReference; explicitFileType = wrapper.framework; includeInIndex = 0; path = Pods_MusicShare.framework; sourceTree = BUILT_PRODUCTS_DIR; };
/* End PBXFileReference section */

/* Begin PBXFrameworksBuildPhase section */
		00918A392854E99900C0B74E /* Frameworks */ = {
			isa = PBXFrameworksBuildPhase;
			buildActionMask = 2147483647;
			files = (
				91CA0FDB996830FC3D9E193C /* Pods_Polyphonic.framework in Frameworks */,
			);
			runOnlyForDeploymentPostprocessing = 0;
		};
		00C35F5728663CB40064C8C9 /* Frameworks */ = {
			isa = PBXFrameworksBuildPhase;
			buildActionMask = 2147483647;
			files = (
				8C1347D62CB8A90590FB997E /* Pods_MusicShare.framework in Frameworks */,
			);
			runOnlyForDeploymentPostprocessing = 0;
		};
/* End PBXFrameworksBuildPhase section */

/* Begin PBXGroup section */
		00511475286A22FE00B69CBC /* Spotify */ = {
			isa = PBXGroup;
			children = (
				00CD71EC28564D2100159B04 /* SpotifySongData.swift */,
				00511477286A232C00B69CBC /* SpotifyAlbumData.swift */,
				00857C7D287F424D0024CCE5 /* SpotifyPlaylistData.swift */,
			);
			path = Spotify;
			sourceTree = "<group>";
		};
		00511476286A231000B69CBC /* AppleMusic */ = {
			isa = PBXGroup;
			children = (
				00CD71EE2856718200159B04 /* AppleMusicSongData.swift */,
				0051147E286A385700B69CBC /* AppleMusicAlbumData.swift */,
			);
			path = AppleMusic;
			sourceTree = "<group>";
		};
		0051147D286A36F200B69CBC /* Utilities */ = {
			isa = PBXGroup;
			children = (
				00AD80E328624E2F000CFA92 /* General.swift */,
			);
			path = Utilities;
			sourceTree = "<group>";
		};
		00918A332854E99900C0B74E = {
			isa = PBXGroup;
			children = (
				00918A3E2854E99900C0B74E /* Polyphonic */,
				00C35F5B28663CB40064C8C9 /* MusicShare */,
				00918A3D2854E99900C0B74E /* Products */,
				00BF989E289C8EDF00C6BF85 /* Frameworks */,
				8AD6BB88AF07AE66EE97CC28 /* Pods */,
			);
			sourceTree = "<group>";
		};
		00918A3D2854E99900C0B74E /* Products */ = {
			isa = PBXGroup;
			children = (
				00918A3C2854E99900C0B74E /* Polyphonic.app */,
				00C35F5A28663CB40064C8C9 /* MusicShare.appex */,
			);
			name = Products;
			sourceTree = "<group>";
		};
		00918A3E2854E99900C0B74E /* Polyphonic */ = {
			isa = PBXGroup;
			children = (
				00C73DA22867ADE600B8596E /* Views */,
				00918A4D2854EFF600C0B74E /* Models */,
				00918A3F2854E99900C0B74E /* PolyphonicApp.swift */,
				00918A432854E99B00C0B74E /* Assets.xcassets */,
				00918A452854E99B00C0B74E /* Preview Content */,
				00EFE7C12880792D00AF23F0 /* Info.plist */,
			);
			name = Polyphonic;
			sourceTree = "<group>";
		};
		00918A452854E99B00C0B74E /* Preview Content */ = {
			isa = PBXGroup;
			children = (
				00BF9884289B3D4800C6BF85 /* GoogleService-Info.plist */,
				00918A462854E99B00C0B74E /* Preview Assets.xcassets */,
			);
			name = "Preview Content";
			sourceTree = "<group>";
		};
		00918A4D2854EFF600C0B74E /* Models */ = {
			isa = PBXGroup;
			children = (
				00511476286A231000B69CBC /* AppleMusic */,
				00511475286A22FE00B69CBC /* Spotify */,
				00918A4E2854F03B00C0B74E /* Song.swift */,
				0051147A286A318100B69CBC /* Album.swift */,
				00857C80287F47680024CCE5 /* Playlist.swift */,
				00918A522854F5A300C0B74E /* MusicData.swift */,
				00857C7A287F3AF40024CCE5 /* PlaylistData.swift */,
				00918A5628559D4300C0B74E /* Base64Encode.swift */,
				00918A5A2855AB4B00C0B74E /* Keys.swift */,
				0051147D286A36F200B69CBC /* Utilities */,
			);
			name = Models;
			path = Polyphonic/Models;
			sourceTree = "<group>";
		};
		00BF989E289C8EDF00C6BF85 /* Frameworks */ = {
			isa = PBXGroup;
			children = (
				FC0688C8EC05E97A1CD8DA32 /* Pods_MusicShare.framework */,
				DC23D63D9AEF33571C58DBDC /* Pods_Polyphonic.framework */,
			);
			name = Frameworks;
			sourceTree = "<group>";
		};
		00C35F5B28663CB40064C8C9 /* MusicShare */ = {
			isa = PBXGroup;
			children = (
				00C35F5C28663CB40064C8C9 /* ShareViewController.swift */,
				00C35F5E28663CB40064C8C9 /* MainInterface.storyboard */,
				00C35F6128663CB40064C8C9 /* Info.plist */,
			);
			path = MusicShare;
			sourceTree = "<group>";
		};
		00C73DA22867ADE600B8596E /* Views */ = {
			isa = PBXGroup;
			children = (
				00D97F41287BB1610001DE19 /* MainView.swift */,
				00918A412854E99900C0B74E /* BasicView.swift */,
				00D97F43287BB1900001DE19 /* PlaylistView.swift */,
				00469434287B43F700C12732 /* OutputPreviewView.swift */,
				005D1E8F286374C800D9756C /* ShareView.swift */,
				00FA18FC287C75C5004F4C9C /* EditResultsView.swift */,
			);
			name = Views;
			path = Polyphonic/Views;
			sourceTree = "<group>";
		};
		8AD6BB88AF07AE66EE97CC28 /* Pods */ = {
			isa = PBXGroup;
			children = (
				E57534C3DB4A29ACCA0D6FEB /* Pods-MusicShare.debug.xcconfig */,
				A2E2799F1062C7EB22295551 /* Pods-MusicShare.release.xcconfig */,
				8332040273B8AF4DDEE157D5 /* Pods-Polyphonic.debug.xcconfig */,
				7EABA53519C8D3A3B8FBB830 /* Pods-Polyphonic.release.xcconfig */,
			);
			path = Pods;
			sourceTree = "<group>";
		};
/* End PBXGroup section */

/* Begin PBXNativeTarget section */
		00918A3B2854E99900C0B74E /* Polyphonic */ = {
			isa = PBXNativeTarget;
			buildConfigurationList = 00918A4A2854E99B00C0B74E /* Build configuration list for PBXNativeTarget "Polyphonic" */;
			buildPhases = (
				EF9BF6BAEDB1D6C38D525D69 /* [CP] Check Pods Manifest.lock */,
				00918A382854E99900C0B74E /* Sources */,
				00918A392854E99900C0B74E /* Frameworks */,
				00918A3A2854E99900C0B74E /* Resources */,
				005D1E842863746900D9756C /* Embed App Extensions */,
				A37271DA0119FEEC5471370E /* [CP] Embed Pods Frameworks */,
			);
			buildRules = (
			);
			dependencies = (
				00C35F6328663CB40064C8C9 /* PBXTargetDependency */,
			);
			name = Polyphonic;
			packageProductDependencies = (
			);
			productName = MusicLinkApp;
			productReference = 00918A3C2854E99900C0B74E /* Polyphonic.app */;
			productType = "com.apple.product-type.application";
		};
		00C35F5928663CB40064C8C9 /* MusicShare */ = {
			isa = PBXNativeTarget;
			buildConfigurationList = 00C35F6728663CB40064C8C9 /* Build configuration list for PBXNativeTarget "MusicShare" */;
			buildPhases = (
				6E074F6ED9BE0968292D7C3B /* [CP] Check Pods Manifest.lock */,
				00C35F5628663CB40064C8C9 /* Sources */,
				00C35F5728663CB40064C8C9 /* Frameworks */,
				00C35F5828663CB40064C8C9 /* Resources */,
			);
			buildRules = (
			);
			dependencies = (
			);
			name = MusicShare;
			packageProductDependencies = (
			);
			productName = MusicShare;
			productReference = 00C35F5A28663CB40064C8C9 /* MusicShare.appex */;
			productType = "com.apple.product-type.app-extension";
		};
/* End PBXNativeTarget section */

/* Begin PBXProject section */
		00918A342854E99900C0B74E /* Project object */ = {
			isa = PBXProject;
			attributes = {
				BuildIndependentTargetsInParallel = 1;
				LastSwiftUpdateCheck = 1340;
				LastUpgradeCheck = 1340;
				TargetAttributes = {
					00918A3B2854E99900C0B74E = {
						CreatedOnToolsVersion = 13.4.1;
					};
					00C35F5928663CB40064C8C9 = {
						CreatedOnToolsVersion = 13.4.1;
					};
				};
			};
			buildConfigurationList = 00918A372854E99900C0B74E /* Build configuration list for PBXProject "Polyphonic" */;
			compatibilityVersion = "Xcode 13.0";
			developmentRegion = en;
			hasScannedForEncodings = 0;
			knownRegions = (
				en,
				Base,
			);
			mainGroup = 00918A332854E99900C0B74E;
			packageReferences = (
			);
			productRefGroup = 00918A3D2854E99900C0B74E /* Products */;
			projectDirPath = "";
			projectRoot = "";
			targets = (
				00918A3B2854E99900C0B74E /* Polyphonic */,
				00C35F5928663CB40064C8C9 /* MusicShare */,
			);
		};
/* End PBXProject section */

/* Begin PBXResourcesBuildPhase section */
		00918A3A2854E99900C0B74E /* Resources */ = {
			isa = PBXResourcesBuildPhase;
			buildActionMask = 2147483647;
			files = (
				00918A472854E99B00C0B74E /* Preview Assets.xcassets in Resources */,
				00918A442854E99B00C0B74E /* Assets.xcassets in Resources */,
				00BF9885289B3D4800C6BF85 /* GoogleService-Info.plist in Resources */,
			);
			runOnlyForDeploymentPostprocessing = 0;
		};
		00C35F5828663CB40064C8C9 /* Resources */ = {
			isa = PBXResourcesBuildPhase;
			buildActionMask = 2147483647;
			files = (
				00C35F6028663CB40064C8C9 /* MainInterface.storyboard in Resources */,
			);
			runOnlyForDeploymentPostprocessing = 0;
		};
/* End PBXResourcesBuildPhase section */

/* Begin PBXShellScriptBuildPhase section */
		6E074F6ED9BE0968292D7C3B /* [CP] Check Pods Manifest.lock */ = {
			isa = PBXShellScriptBuildPhase;
			buildActionMask = 2147483647;
			files = (
			);
			inputFileListPaths = (
			);
			inputPaths = (
				"${PODS_PODFILE_DIR_PATH}/Podfile.lock",
				"${PODS_ROOT}/Manifest.lock",
			);
			name = "[CP] Check Pods Manifest.lock";
			outputFileListPaths = (
			);
			outputPaths = (
				"$(DERIVED_FILE_DIR)/Pods-MusicShare-checkManifestLockResult.txt",
			);
			runOnlyForDeploymentPostprocessing = 0;
			shellPath = /bin/sh;
			shellScript = "diff \"${PODS_PODFILE_DIR_PATH}/Podfile.lock\" \"${PODS_ROOT}/Manifest.lock\" > /dev/null\nif [ $? != 0 ] ; then\n    # print error to STDERR\n    echo \"error: The sandbox is not in sync with the Podfile.lock. Run 'pod install' or update your CocoaPods installation.\" >&2\n    exit 1\nfi\n# This output is used by Xcode 'outputs' to avoid re-running this script phase.\necho \"SUCCESS\" > \"${SCRIPT_OUTPUT_FILE_0}\"\n";
			showEnvVarsInLog = 0;
		};
		A37271DA0119FEEC5471370E /* [CP] Embed Pods Frameworks */ = {
			isa = PBXShellScriptBuildPhase;
			buildActionMask = 2147483647;
			files = (
			);
			inputFileListPaths = (
				"${PODS_ROOT}/Target Support Files/Pods-Polyphonic/Pods-Polyphonic-frameworks-${CONFIGURATION}-input-files.xcfilelist",
			);
			name = "[CP] Embed Pods Frameworks";
			outputFileListPaths = (
				"${PODS_ROOT}/Target Support Files/Pods-Polyphonic/Pods-Polyphonic-frameworks-${CONFIGURATION}-output-files.xcfilelist",
			);
			runOnlyForDeploymentPostprocessing = 0;
			shellPath = /bin/sh;
			shellScript = "\"${PODS_ROOT}/Target Support Files/Pods-Polyphonic/Pods-Polyphonic-frameworks.sh\"\n";
			showEnvVarsInLog = 0;
		};
		EF9BF6BAEDB1D6C38D525D69 /* [CP] Check Pods Manifest.lock */ = {
			isa = PBXShellScriptBuildPhase;
			buildActionMask = 2147483647;
			files = (
			);
			inputFileListPaths = (
			);
			inputPaths = (
				"${PODS_PODFILE_DIR_PATH}/Podfile.lock",
				"${PODS_ROOT}/Manifest.lock",
			);
			name = "[CP] Check Pods Manifest.lock";
			outputFileListPaths = (
			);
			outputPaths = (
				"$(DERIVED_FILE_DIR)/Pods-Polyphonic-checkManifestLockResult.txt",
			);
			runOnlyForDeploymentPostprocessing = 0;
			shellPath = /bin/sh;
			shellScript = "diff \"${PODS_PODFILE_DIR_PATH}/Podfile.lock\" \"${PODS_ROOT}/Manifest.lock\" > /dev/null\nif [ $? != 0 ] ; then\n    # print error to STDERR\n    echo \"error: The sandbox is not in sync with the Podfile.lock. Run 'pod install' or update your CocoaPods installation.\" >&2\n    exit 1\nfi\n# This output is used by Xcode 'outputs' to avoid re-running this script phase.\necho \"SUCCESS\" > \"${SCRIPT_OUTPUT_FILE_0}\"\n";
			showEnvVarsInLog = 0;
		};
/* End PBXShellScriptBuildPhase section */

/* Begin PBXSourcesBuildPhase section */
		00918A382854E99900C0B74E /* Sources */ = {
			isa = PBXSourcesBuildPhase;
			buildActionMask = 2147483647;
			files = (
				00C35F7028666A110064C8C9 /* ShareView.swift in Sources */,
				00511478286A232C00B69CBC /* SpotifyAlbumData.swift in Sources */,
				0051147F286A385700B69CBC /* AppleMusicAlbumData.swift in Sources */,
				00918A5728559D4300C0B74E /* Base64Encode.swift in Sources */,
				00918A5B2855AB4B00C0B74E /* Keys.swift in Sources */,
				00857C7E287F424D0024CCE5 /* SpotifyPlaylistData.swift in Sources */,
				00918A4F2854F03B00C0B74E /* Song.swift in Sources */,
				00469435287B43F700C12732 /* OutputPreviewView.swift in Sources */,
				00857C7B287F3AF40024CCE5 /* PlaylistData.swift in Sources */,
				00918A422854E99900C0B74E /* BasicView.swift in Sources */,
				00918A532854F5A300C0B74E /* MusicData.swift in Sources */,
				00FA18FD287C75C5004F4C9C /* EditResultsView.swift in Sources */,
				00918A402854E99900C0B74E /* PolyphonicApp.swift in Sources */,
				00D97F44287BB1900001DE19 /* PlaylistView.swift in Sources */,
				00AD80E428624E2F000CFA92 /* General.swift in Sources */,
				00CD71ED28564D2100159B04 /* SpotifySongData.swift in Sources */,
				00CD71EF2856718200159B04 /* AppleMusicSongData.swift in Sources */,
				00D97F42287BB1610001DE19 /* MainView.swift in Sources */,
				0051147B286A318100B69CBC /* Album.swift in Sources */,
				00857C81287F47680024CCE5 /* Playlist.swift in Sources */,
			);
			runOnlyForDeploymentPostprocessing = 0;
		};
		00C35F5628663CB40064C8C9 /* Sources */ = {
			isa = PBXSourcesBuildPhase;
			buildActionMask = 2147483647;
			files = (
				00C35F6D28663D440064C8C9 /* AppleMusicSongData.swift in Sources */,
				00857C82287F47680024CCE5 /* Playlist.swift in Sources */,
				00C35F6928663D360064C8C9 /* Song.swift in Sources */,
				00511479286A232C00B69CBC /* SpotifyAlbumData.swift in Sources */,
				00C35F6A28663D390064C8C9 /* MusicData.swift in Sources */,
				00C35F6C28663D410064C8C9 /* SpotifySongData.swift in Sources */,
				00C35F5D28663CB40064C8C9 /* ShareViewController.swift in Sources */,
				00C35F6F28663D4A0064C8C9 /* Base64Encode.swift in Sources */,
				00469436287B50DD00C12732 /* OutputPreviewView.swift in Sources */,
				00C35F7128666A280064C8C9 /* ShareView.swift in Sources */,
				0051147C286A318100B69CBC /* Album.swift in Sources */,
				00857C7C287F3AF40024CCE5 /* PlaylistData.swift in Sources */,
				00C35F6E28663D470064C8C9 /* General.swift in Sources */,
				00511480286A385700B69CBC /* AppleMusicAlbumData.swift in Sources */,
				00C35F6B28663D3E0064C8C9 /* Keys.swift in Sources */,
				00857C7F287F424D0024CCE5 /* SpotifyPlaylistData.swift in Sources */,
				00FA18FE287C75C5004F4C9C /* EditResultsView.swift in Sources */,
			);
			runOnlyForDeploymentPostprocessing = 0;
		};
/* End PBXSourcesBuildPhase section */

/* Begin PBXTargetDependency section */
		00C35F6328663CB40064C8C9 /* PBXTargetDependency */ = {
			isa = PBXTargetDependency;
			target = 00C35F5928663CB40064C8C9 /* MusicShare */;
			targetProxy = 00C35F6228663CB40064C8C9 /* PBXContainerItemProxy */;
		};
/* End PBXTargetDependency section */

/* Begin PBXVariantGroup section */
		00C35F5E28663CB40064C8C9 /* MainInterface.storyboard */ = {
			isa = PBXVariantGroup;
			children = (
				00C35F5F28663CB40064C8C9 /* Base */,
			);
			name = MainInterface.storyboard;
			sourceTree = "<group>";
		};
/* End PBXVariantGroup section */

/* Begin XCBuildConfiguration section */
		00918A482854E99B00C0B74E /* Debug */ = {
			isa = XCBuildConfiguration;
			buildSettings = {
				ALWAYS_SEARCH_USER_PATHS = NO;
				CLANG_ANALYZER_NONNULL = YES;
				CLANG_ANALYZER_NUMBER_OBJECT_CONVERSION = YES_AGGRESSIVE;
				CLANG_CXX_LANGUAGE_STANDARD = "gnu++17";
				CLANG_ENABLE_MODULES = YES;
				CLANG_ENABLE_OBJC_ARC = YES;
				CLANG_ENABLE_OBJC_WEAK = YES;
				CLANG_WARN_BLOCK_CAPTURE_AUTORELEASING = YES;
				CLANG_WARN_BOOL_CONVERSION = YES;
				CLANG_WARN_COMMA = YES;
				CLANG_WARN_CONSTANT_CONVERSION = YES;
				CLANG_WARN_DEPRECATED_OBJC_IMPLEMENTATIONS = YES;
				CLANG_WARN_DIRECT_OBJC_ISA_USAGE = YES_ERROR;
				CLANG_WARN_DOCUMENTATION_COMMENTS = YES;
				CLANG_WARN_EMPTY_BODY = YES;
				CLANG_WARN_ENUM_CONVERSION = YES;
				CLANG_WARN_INFINITE_RECURSION = YES;
				CLANG_WARN_INT_CONVERSION = YES;
				CLANG_WARN_NON_LITERAL_NULL_CONVERSION = YES;
				CLANG_WARN_OBJC_IMPLICIT_RETAIN_SELF = YES;
				CLANG_WARN_OBJC_LITERAL_CONVERSION = YES;
				CLANG_WARN_OBJC_ROOT_CLASS = YES_ERROR;
				CLANG_WARN_QUOTED_INCLUDE_IN_FRAMEWORK_HEADER = YES;
				CLANG_WARN_RANGE_LOOP_ANALYSIS = YES;
				CLANG_WARN_STRICT_PROTOTYPES = YES;
				CLANG_WARN_SUSPICIOUS_MOVE = YES;
				CLANG_WARN_UNGUARDED_AVAILABILITY = YES_AGGRESSIVE;
				CLANG_WARN_UNREACHABLE_CODE = YES;
				CLANG_WARN__DUPLICATE_METHOD_MATCH = YES;
				COPY_PHASE_STRIP = NO;
				DEBUG_INFORMATION_FORMAT = dwarf;
				ENABLE_STRICT_OBJC_MSGSEND = YES;
				ENABLE_TESTABILITY = YES;
				GCC_C_LANGUAGE_STANDARD = gnu11;
				GCC_DYNAMIC_NO_PIC = NO;
				GCC_NO_COMMON_BLOCKS = YES;
				GCC_OPTIMIZATION_LEVEL = 0;
				GCC_PREPROCESSOR_DEFINITIONS = (
					"DEBUG=1",
					"$(inherited)",
				);
				GCC_WARN_64_TO_32_BIT_CONVERSION = YES;
				GCC_WARN_ABOUT_RETURN_TYPE = YES_ERROR;
				GCC_WARN_UNDECLARED_SELECTOR = YES;
				GCC_WARN_UNINITIALIZED_AUTOS = YES_AGGRESSIVE;
				GCC_WARN_UNUSED_FUNCTION = YES;
				GCC_WARN_UNUSED_VARIABLE = YES;
				INFOPLIST_FILE = "";
				IPHONEOS_DEPLOYMENT_TARGET = 15.5;
				MTL_ENABLE_DEBUG_INFO = INCLUDE_SOURCE;
				MTL_FAST_MATH = YES;
				ONLY_ACTIVE_ARCH = YES;
				SDKROOT = iphoneos;
				SWIFT_ACTIVE_COMPILATION_CONDITIONS = DEBUG;
				SWIFT_OPTIMIZATION_LEVEL = "-Onone";
			};
			name = Debug;
		};
		00918A492854E99B00C0B74E /* Release */ = {
			isa = XCBuildConfiguration;
			buildSettings = {
				ALWAYS_SEARCH_USER_PATHS = NO;
				CLANG_ANALYZER_NONNULL = YES;
				CLANG_ANALYZER_NUMBER_OBJECT_CONVERSION = YES_AGGRESSIVE;
				CLANG_CXX_LANGUAGE_STANDARD = "gnu++17";
				CLANG_ENABLE_MODULES = YES;
				CLANG_ENABLE_OBJC_ARC = YES;
				CLANG_ENABLE_OBJC_WEAK = YES;
				CLANG_WARN_BLOCK_CAPTURE_AUTORELEASING = YES;
				CLANG_WARN_BOOL_CONVERSION = YES;
				CLANG_WARN_COMMA = YES;
				CLANG_WARN_CONSTANT_CONVERSION = YES;
				CLANG_WARN_DEPRECATED_OBJC_IMPLEMENTATIONS = YES;
				CLANG_WARN_DIRECT_OBJC_ISA_USAGE = YES_ERROR;
				CLANG_WARN_DOCUMENTATION_COMMENTS = YES;
				CLANG_WARN_EMPTY_BODY = YES;
				CLANG_WARN_ENUM_CONVERSION = YES;
				CLANG_WARN_INFINITE_RECURSION = YES;
				CLANG_WARN_INT_CONVERSION = YES;
				CLANG_WARN_NON_LITERAL_NULL_CONVERSION = YES;
				CLANG_WARN_OBJC_IMPLICIT_RETAIN_SELF = YES;
				CLANG_WARN_OBJC_LITERAL_CONVERSION = YES;
				CLANG_WARN_OBJC_ROOT_CLASS = YES_ERROR;
				CLANG_WARN_QUOTED_INCLUDE_IN_FRAMEWORK_HEADER = YES;
				CLANG_WARN_RANGE_LOOP_ANALYSIS = YES;
				CLANG_WARN_STRICT_PROTOTYPES = YES;
				CLANG_WARN_SUSPICIOUS_MOVE = YES;
				CLANG_WARN_UNGUARDED_AVAILABILITY = YES_AGGRESSIVE;
				CLANG_WARN_UNREACHABLE_CODE = YES;
				CLANG_WARN__DUPLICATE_METHOD_MATCH = YES;
				COPY_PHASE_STRIP = NO;
				DEBUG_INFORMATION_FORMAT = "dwarf-with-dsym";
				ENABLE_NS_ASSERTIONS = NO;
				ENABLE_STRICT_OBJC_MSGSEND = YES;
				GCC_C_LANGUAGE_STANDARD = gnu11;
				GCC_NO_COMMON_BLOCKS = YES;
				GCC_WARN_64_TO_32_BIT_CONVERSION = YES;
				GCC_WARN_ABOUT_RETURN_TYPE = YES_ERROR;
				GCC_WARN_UNDECLARED_SELECTOR = YES;
				GCC_WARN_UNINITIALIZED_AUTOS = YES_AGGRESSIVE;
				GCC_WARN_UNUSED_FUNCTION = YES;
				GCC_WARN_UNUSED_VARIABLE = YES;
				INFOPLIST_FILE = "";
				IPHONEOS_DEPLOYMENT_TARGET = 15.5;
				MTL_ENABLE_DEBUG_INFO = NO;
				MTL_FAST_MATH = YES;
				SDKROOT = iphoneos;
				SWIFT_COMPILATION_MODE = wholemodule;
				SWIFT_OPTIMIZATION_LEVEL = "-O";
				VALIDATE_PRODUCT = YES;
			};
			name = Release;
		};
		00918A4B2854E99B00C0B74E /* Debug */ = {
			isa = XCBuildConfiguration;
			baseConfigurationReference = 8332040273B8AF4DDEE157D5 /* Pods-Polyphonic.debug.xcconfig */;
			buildSettings = {
				ASSETCATALOG_COMPILER_APPICON_NAME = AppIcon;
				ASSETCATALOG_COMPILER_GLOBAL_ACCENT_COLOR_NAME = AccentColor;
				CODE_SIGN_STYLE = Automatic;
				CURRENT_PROJECT_VERSION = 2;
				DEVELOPMENT_ASSET_PATHS = "\"Polyphonic/Preview Content\"";
				DEVELOPMENT_TEAM = 7Z6GZB5Y9X;
				ENABLE_PREVIEWS = YES;
				GENERATE_INFOPLIST_FILE = YES;
				INFOPLIST_FILE = Polyphonic/Info.plist;
				INFOPLIST_KEY_UIApplicationSceneManifest_Generation = YES;
				INFOPLIST_KEY_UIApplicationSupportsIndirectInputEvents = YES;
				INFOPLIST_KEY_UILaunchScreen_Generation = YES;
				INFOPLIST_KEY_UISupportedInterfaceOrientations = UIInterfaceOrientationPortrait;
				INFOPLIST_KEY_UISupportedInterfaceOrientations_iPad = UIInterfaceOrientationPortrait;
				INFOPLIST_KEY_UISupportedInterfaceOrientations_iPhone = UIInterfaceOrientationPortrait;
				IPHONEOS_DEPLOYMENT_TARGET = 15.0;
				LD_RUNPATH_SEARCH_PATHS = (
					"$(inherited)",
					"@executable_path/Frameworks",
				);
				MARKETING_VERSION = 0.4.5;
				PRODUCT_BUNDLE_IDENTIFIER = com.dhruvweaver.Polyphonic;
				PRODUCT_NAME = Polyphonic;
				SWIFT_EMIT_LOC_STRINGS = YES;
				SWIFT_VERSION = 5.0;
				TARGETED_DEVICE_FAMILY = 1;
			};
			name = Debug;
		};
		00918A4C2854E99B00C0B74E /* Release */ = {
			isa = XCBuildConfiguration;
			baseConfigurationReference = 7EABA53519C8D3A3B8FBB830 /* Pods-Polyphonic.release.xcconfig */;
			buildSettings = {
				ASSETCATALOG_COMPILER_APPICON_NAME = AppIcon;
				ASSETCATALOG_COMPILER_GLOBAL_ACCENT_COLOR_NAME = AccentColor;
				CODE_SIGN_STYLE = Automatic;
				CURRENT_PROJECT_VERSION = 2;
				DEVELOPMENT_ASSET_PATHS = "\"Polyphonic/Preview Content\"";
				DEVELOPMENT_TEAM = 7Z6GZB5Y9X;
				ENABLE_PREVIEWS = YES;
				GENERATE_INFOPLIST_FILE = YES;
				INFOPLIST_FILE = Polyphonic/Info.plist;
				INFOPLIST_KEY_UIApplicationSceneManifest_Generation = YES;
				INFOPLIST_KEY_UIApplicationSupportsIndirectInputEvents = YES;
				INFOPLIST_KEY_UILaunchScreen_Generation = YES;
				INFOPLIST_KEY_UISupportedInterfaceOrientations = UIInterfaceOrientationPortrait;
				INFOPLIST_KEY_UISupportedInterfaceOrientations_iPad = UIInterfaceOrientationPortrait;
				INFOPLIST_KEY_UISupportedInterfaceOrientations_iPhone = UIInterfaceOrientationPortrait;
				IPHONEOS_DEPLOYMENT_TARGET = 15.0;
				LD_RUNPATH_SEARCH_PATHS = (
					"$(inherited)",
					"@executable_path/Frameworks",
				);
				MARKETING_VERSION = 0.4.5;
				PRODUCT_BUNDLE_IDENTIFIER = com.dhruvweaver.Polyphonic;
				PRODUCT_NAME = Polyphonic;
				SWIFT_EMIT_LOC_STRINGS = YES;
				SWIFT_VERSION = 5.0;
				TARGETED_DEVICE_FAMILY = 1;
			};
			name = Release;
		};
		00C35F6528663CB40064C8C9 /* Debug */ = {
			isa = XCBuildConfiguration;
			baseConfigurationReference = E57534C3DB4A29ACCA0D6FEB /* Pods-MusicShare.debug.xcconfig */;
			buildSettings = {
				APPLICATION_EXTENSION_API_ONLY = YES;
				CODE_SIGN_STYLE = Automatic;
				CURRENT_PROJECT_VERSION = 2;
				DEVELOPMENT_TEAM = 7Z6GZB5Y9X;
				GENERATE_INFOPLIST_FILE = YES;
				INFOPLIST_FILE = MusicShare/Info.plist;
				INFOPLIST_KEY_CFBundleDisplayName = MusicShare;
				INFOPLIST_KEY_NSHumanReadableCopyright = "";
				IPHONEOS_DEPLOYMENT_TARGET = 15.0;
				LD_RUNPATH_SEARCH_PATHS = (
					"$(inherited)",
					"@executable_path/Frameworks",
					"@executable_path/../../Frameworks",
				);
				MARKETING_VERSION = 0.4.5;
				PRODUCT_BUNDLE_IDENTIFIER = com.dhruvweaver.Polyphonic.MusicShare;
				PRODUCT_NAME = "$(TARGET_NAME)";
				SKIP_INSTALL = YES;
				SWIFT_EMIT_LOC_STRINGS = YES;
				SWIFT_VERSION = 5.0;
				TARGETED_DEVICE_FAMILY = "1,2";
			};
			name = Debug;
		};
		00C35F6628663CB40064C8C9 /* Release */ = {
			isa = XCBuildConfiguration;
			baseConfigurationReference = A2E2799F1062C7EB22295551 /* Pods-MusicShare.release.xcconfig */;
			buildSettings = {
				APPLICATION_EXTENSION_API_ONLY = YES;
				CODE_SIGN_STYLE = Automatic;
				CURRENT_PROJECT_VERSION = 2;
				DEVELOPMENT_TEAM = 7Z6GZB5Y9X;
				GENERATE_INFOPLIST_FILE = YES;
				INFOPLIST_FILE = MusicShare/Info.plist;
				INFOPLIST_KEY_CFBundleDisplayName = MusicShare;
				INFOPLIST_KEY_NSHumanReadableCopyright = "";
				IPHONEOS_DEPLOYMENT_TARGET = 15.0;
				LD_RUNPATH_SEARCH_PATHS = (
					"$(inherited)",
					"@executable_path/Frameworks",
					"@executable_path/../../Frameworks",
				);
				MARKETING_VERSION = 0.4.5;
				PRODUCT_BUNDLE_IDENTIFIER = com.dhruvweaver.Polyphonic.MusicShare;
				PRODUCT_NAME = "$(TARGET_NAME)";
				SKIP_INSTALL = YES;
				SWIFT_EMIT_LOC_STRINGS = YES;
				SWIFT_VERSION = 5.0;
				TARGETED_DEVICE_FAMILY = "1,2";
			};
			name = Release;
		};
/* End XCBuildConfiguration section */

/* Begin XCConfigurationList section */
		00918A372854E99900C0B74E /* Build configuration list for PBXProject "Polyphonic" */ = {
			isa = XCConfigurationList;
			buildConfigurations = (
				00918A482854E99B00C0B74E /* Debug */,
				00918A492854E99B00C0B74E /* Release */,
			);
			defaultConfigurationIsVisible = 0;
			defaultConfigurationName = Release;
		};
		00918A4A2854E99B00C0B74E /* Build configuration list for PBXNativeTarget "Polyphonic" */ = {
			isa = XCConfigurationList;
			buildConfigurations = (
				00918A4B2854E99B00C0B74E /* Debug */,
				00918A4C2854E99B00C0B74E /* Release */,
			);
			defaultConfigurationIsVisible = 0;
			defaultConfigurationName = Release;
		};
		00C35F6728663CB40064C8C9 /* Build configuration list for PBXNativeTarget "MusicShare" */ = {
			isa = XCConfigurationList;
			buildConfigurations = (
				00C35F6528663CB40064C8C9 /* Debug */,
				00C35F6628663CB40064C8C9 /* Release */,
			);
			defaultConfigurationIsVisible = 0;
			defaultConfigurationName = Release;
		};
/* End XCConfigurationList section */
	};
	rootObject = 00918A342854E99900C0B74E /* Project object */;
}
